{
  "name": "img-slider",
  "version": "0.1.0",
  "lockfileVersion": 1,
  "requires": true,
  "dependencies": {
    "react-native-image-slider-show": {
      "version": "1.0.3",
      "resolved": "https://registry.npmjs.org/react-native-image-slider-show/-/react-native-image-slider-show-1.0.3.tgz",
      "integrity": "sha512-9Tysqt4Q1I2OIYN1hJ+291Axy9JwsKFpr1a4uxu9uDMLGgkYsOLhbsMdgj7qVBmtLWZDQ9Kr45r+LNIRmmSvGg=="
    }
  }
}
